
Microsoft Visual Studio Solution File, Format Version 12.00
# Visual Studio Version 17
VisualStudioVersion = 17.11.35312.102
MinimumVisualStudioVersion = 10.0.40219.1
Project("{FAE04EC0-301F-11D3-BF4B-00C04F79EFBC}") = "tbank-back-web", "tbank-back-web.csproj", "{57417D39-0727-B99C-D517-6F739155794D}"
EndProject
Global
	GlobalSection(SolutionConfigurationPlatforms) = preSolution
		Debug|Any CPU = Debug|Any CPU
		Release|Any CPU = Release|Any CPU
	EndGlobalSection
	GlobalSection(ProjectConfigurationPlatforms) = postSolution
		{57417D39-0727-B99C-D517-6F739155794D}.Debug|Any CPU.ActiveCfg = Debug|Any CPU
		{57417D39-0727-B99C-D517-6F739155794D}.Debug|Any CPU.Build.0 = Debug|Any CPU
		{57417D39-0727-B99C-D517-6F739155794D}.Release|Any CPU.ActiveCfg = Release|Any CPU
		{57417D39-0727-B99C-D517-6F739155794D}.Release|Any CPU.Build.0 = Release|Any CPU
	EndGlobalSection
	GlobalSection(SolutionProperties) = preSolution
		HideSolutionNode = FALSE
	EndGlobalSection
	GlobalSection(ExtensibilityGlobals) = postSolution
		SolutionGuid = {CD2875D9-6877-43A6-A2A0-B102100F4DAE}
	EndGlobalSection
EndGlobal
